
Microsoft Visual Studio Solution File, Format Version 12.00
# Visual Studio Version 17
VisualStudioVersion = 17.5.002.0
MinimumVisualStudioVersion = 10.0.40219.1
Project("{9A19103F-16F7-4668-BE54-9A1E7A4F7556}") = "RESTfulAPI", "RESTfulAPI.csproj", "{C0E063B6-CC73-45E5-9CBE-408AE33A5653}"
EndProject
Global
	GlobalSection(SolutionConfigurationPlatforms) = preSolution
		Debug|Any CPU = Debug|Any CPU
		Release|Any CPU = Release|Any CPU
	EndGlobalSection
	GlobalSection(ProjectConfigurationPlatforms) = postSolution
		{C0E063B6-CC73-45E5-9CBE-408AE33A5653}.Debug|Any CPU.ActiveCfg = Debug|Any CPU
		{C0E063B6-CC73-45E5-9CBE-408AE33A5653}.Debug|Any CPU.Build.0 = Debug|Any CPU
		{C0E063B6-CC73-45E5-9CBE-408AE33A5653}.Release|Any CPU.ActiveCfg = Release|Any CPU
		{C0E063B6-CC73-45E5-9CBE-408AE33A5653}.Release|Any CPU.Build.0 = Release|Any CPU
	EndGlobalSection
	GlobalSection(SolutionProperties) = preSolution
		HideSolutionNode = FALSE
	EndGlobalSection
	GlobalSection(ExtensibilityGlobals) = postSolution
		SolutionGuid = {BA7D4DB5-E1B4-4A78-AF81-AE0831A53958}
	EndGlobalSection
EndGlobal
